
Microsoft Visual Studio Solution File, Format Version 12.00
# Visual Studio Version 16
VisualStudioVersion = 16.0.30907.101
MinimumVisualStudioVersion = 10.0.40219.1
Project("{FAE04EC0-301F-11D3-BF4B-00C04F79EFBC}") = "ManagementSystem", "ManagementSystem\ManagementSystem.csproj", "{109CB925-2E15-4158-BAAF-ABE4DD29C9D7}"
EndProject
Global
	GlobalSection(SolutionConfigurationPlatforms) = preSolution
		Debug|Any CPU = Debug|Any CPU
		Release|Any CPU = Release|Any CPU
	EndGlobalSection
	GlobalSection(ProjectConfigurationPlatforms) = postSolution
		{109CB925-2E15-4158-BAAF-ABE4DD29C9D7}.Debug|Any CPU.ActiveCfg = Debug|Any CPU
		{109CB925-2E15-4158-BAAF-ABE4DD29C9D7}.Debug|Any CPU.Build.0 = Debug|Any CPU
		{109CB925-2E15-4158-BAAF-ABE4DD29C9D7}.Release|Any CPU.ActiveCfg = Release|Any CPU
		{109CB925-2E15-4158-BAAF-ABE4DD29C9D7}.Release|Any CPU.Build.0 = Release|Any CPU
	EndGlobalSection
	GlobalSection(SolutionProperties) = preSolution
		HideSolutionNode = FALSE
	EndGlobalSection
	GlobalSection(ExtensibilityGlobals) = postSolution
		SolutionGuid = {E667A815-1137-47AB-BAB4-2B442E6A383A}
	EndGlobalSection
EndGlobal
